
Microsoft Visual Studio Solution File, Format Version 12.00
# Visual Studio Version 17
VisualStudioVersion = 17.13.35825.156 d17.13
MinimumVisualStudioVersion = 10.0.40219.1
Project("{FAE04EC0-301F-11D3-BF4B-00C04F79EFBC}") = "WinFormsApp5", "WinFormsApp5\WinFormsApp5.csproj", "{4029EAB3-7C52-4313-8162-7D45B2B467FD}"
EndProject
Project("{2150E333-8FDC-42A3-9474-1A3956D46DE8}") = "Solution Items", "Solution Items", "{02EA681E-C7D8-13C7-8484-4AC65E1B71E8}"
	ProjectSection(SolutionItems) = preProject
		.editorconfig = .editorconfig
	EndProjectSection
EndProject
Global
	GlobalSection(SolutionConfigurationPlatforms) = preSolution
		Debug|Any CPU = Debug|Any CPU
		Release|Any CPU = Release|Any CPU
	EndGlobalSection
	GlobalSection(ProjectConfigurationPlatforms) = postSolution
		{4029EAB3-7C52-4313-8162-7D45B2B467FD}.Debug|Any CPU.ActiveCfg = Debug|Any CPU
		{4029EAB3-7C52-4313-8162-7D45B2B467FD}.Debug|Any CPU.Build.0 = Debug|Any CPU
		{4029EAB3-7C52-4313-8162-7D45B2B467FD}.Release|Any CPU.ActiveCfg = Release|Any CPU
		{4029EAB3-7C52-4313-8162-7D45B2B467FD}.Release|Any CPU.Build.0 = Release|Any CPU
	EndGlobalSection
	GlobalSection(SolutionProperties) = preSolution
		HideSolutionNode = FALSE
	EndGlobalSection
	GlobalSection(ExtensibilityGlobals) = postSolution
		SolutionGuid = {F00A9916-76D5-41EA-AD3E-53DC7324D815}
	EndGlobalSection
EndGlobal
